
Microsoft Visual Studio Solution File, Format Version 12.00
# Visual Studio Version 17
VisualStudioVersion = 17.11.35327.3
MinimumVisualStudioVersion = 10.0.40219.1
Project("{9A19103F-16F7-4668-BE54-9A1E7A4F7556}") = "Household", "Household.csproj", "{349F0B31-84FD-43F9-8CE1-513759FCCCC6}"
EndProject
Project("{FAE04EC0-301F-11D3-BF4B-00C04F79EFBC}") = "Connection", "..\ConnectionPool\Connection.csproj", "{7D9ACB36-4BBD-4CC8-A2AC-7032DCBC174A}"
EndProject
Project("{FAE04EC0-301F-11D3-BF4B-00C04F79EFBC}") = "Business", "..\Business\Business.csproj", "{1F261E7A-720F-4C29-8466-E25192AA1FCC}"
EndProject
Global
	GlobalSection(SolutionConfigurationPlatforms) = preSolution
		Debug|Any CPU = Debug|Any CPU
		Release|Any CPU = Release|Any CPU
	EndGlobalSection
	GlobalSection(ProjectConfigurationPlatforms) = postSolution
		{349F0B31-84FD-43F9-8CE1-513759FCCCC6}.Debug|Any CPU.ActiveCfg = Debug|Any CPU
		{349F0B31-84FD-43F9-8CE1-513759FCCCC6}.Debug|Any CPU.Build.0 = Debug|Any CPU
		{349F0B31-84FD-43F9-8CE1-513759FCCCC6}.Release|Any CPU.ActiveCfg = Release|Any CPU
		{349F0B31-84FD-43F9-8CE1-513759FCCCC6}.Release|Any CPU.Build.0 = Release|Any CPU
		{7D9ACB36-4BBD-4CC8-A2AC-7032DCBC174A}.Debug|Any CPU.ActiveCfg = Debug|Any CPU
		{7D9ACB36-4BBD-4CC8-A2AC-7032DCBC174A}.Debug|Any CPU.Build.0 = Debug|Any CPU
		{7D9ACB36-4BBD-4CC8-A2AC-7032DCBC174A}.Release|Any CPU.ActiveCfg = Release|Any CPU
		{7D9ACB36-4BBD-4CC8-A2AC-7032DCBC174A}.Release|Any CPU.Build.0 = Release|Any CPU
		{1F261E7A-720F-4C29-8466-E25192AA1FCC}.Debug|Any CPU.ActiveCfg = Debug|Any CPU
		{1F261E7A-720F-4C29-8466-E25192AA1FCC}.Debug|Any CPU.Build.0 = Debug|Any CPU
		{1F261E7A-720F-4C29-8466-E25192AA1FCC}.Release|Any CPU.ActiveCfg = Release|Any CPU
		{1F261E7A-720F-4C29-8466-E25192AA1FCC}.Release|Any CPU.Build.0 = Release|Any CPU
	EndGlobalSection
	GlobalSection(SolutionProperties) = preSolution
		HideSolutionNode = FALSE
	EndGlobalSection
	GlobalSection(ExtensibilityGlobals) = postSolution
		SolutionGuid = {870ECF36-2E22-4BF3-AF21-27CF9304E6D3}
	EndGlobalSection
EndGlobal
